{
  "name": "express-isomorphic-cookie",
  "version": "1.0.0",
  "lockfileVersion": 1,
  "requires": true,
  "dependencies": {
    "async-listener": {
      "version": "0.6.7",
      "resolved": "https://registry.npmjs.org/async-listener/-/async-listener-0.6.7.tgz",
      "integrity": "sha512-6Bmzy9dHE1WWZdru7teS6kecmOy42cCzumQOn57vHa/49kjPMExdPLozDvr25J0hbQf5wMwFitJKnO7O3eqh2A==",
      "requires": {
        "semver": "5.3.0",
        "shimmer": "1.1.0"
      }
    },
    "continuation-local-storage": {
      "version": "3.2.0",
      "resolved": "https://registry.npmjs.org/continuation-local-storage/-/continuation-local-storage-3.2.0.tgz",
      "integrity": "sha1-4Z/Da1lwkKXU5KOy6j68XilpSiQ=",
      "requires": {
        "async-listener": "0.6.7",
        "emitter-listener": "1.0.1"
      }
    },
    "cookie": {
      "version": "0.2.4",
      "resolved": "https://registry.npmjs.org/cookie/-/cookie-0.2.4.tgz",
      "integrity": "sha1-qMFVqnubLPLE0y68e5oKoojMxr0="
    },
    "emitter-listener": {
      "version": "1.0.1",
      "resolved": "https://registry.npmjs.org/emitter-listener/-/emitter-listener-1.0.1.tgz",
      "integrity": "sha1-skmepuWCMKUsJo1d8mHuzZ8Q/pc=",
      "requires": {
        "shimmer": "1.0.0"
      },
      "dependencies": {
        "shimmer": {
          "version": "1.0.0",
          "resolved": "https://registry.npmjs.org/shimmer/-/shimmer-1.0.0.tgz",
          "integrity": "sha1-ScLXHGeDYLgCvhiyeDgtHLuAXDk="
        }
      }
    },
    "express-httpcontext": {
      "version": "1.0.0",
      "resolved": "https://registry.npmjs.org/express-httpcontext/-/express-httpcontext-1.0.0.tgz",
      "integrity": "sha512-8fSh83HhXotI5q2FIqF3g36Iom52DjbQrRKVpJInkaHAcsYNsaujv8pQ/LOCcGyF64C8I+6jOS2Lqe+3ilh1+g==",
      "requires": {
        "continuation-local-storage": "3.2.0"
      }
    },
    "semver": {
      "version": "5.3.0",
      "resolved": "https://registry.npmjs.org/semver/-/semver-5.3.0.tgz",
      "integrity": "sha1-myzl094C0XxgEq0yaqa00M9U+U8="
    },
    "shimmer": {
      "version": "1.1.0",
      "resolved": "https://registry.npmjs.org/shimmer/-/shimmer-1.1.0.tgz",
      "integrity": "sha1-l9c3cTf/u6tCVSLkKf4KqJpIizU="
    }
  }
}
